{
  "nodes": {
    "aagl": {
      "inputs": {
        "flake-compat": "flake-compat",
        "nixpkgs": [
          "nixpkgs"
        ]
      },
      "locked": {
        "lastModified": 1736877544,
        "narHash": "sha256-MnUAUYzPjqZnD48OOB/uAg2kQPpwnV+rCK39qwbPDoc=",
        "owner": "ezKEa",
        "repo": "aagl-gtk-on-nix",
        "rev": "a01850259d3516ec6ff772dc0dc15cec224d396d",
        "type": "github"
      },
      "original": {
        "owner": "ezKEa",
        "ref": "release-24.11",
        "repo": "aagl-gtk-on-nix",
        "type": "github"
      }
    },
    "fenix": {
      "inputs": {
        "nixpkgs": [
          "nixpkgs"
        ],
        "rust-analyzer-src": "rust-analyzer-src"
      },
      "locked": {
        "lastModified": 1740810935,
        "narHash": "sha256-6RzWfxENGlO73jQb3uQNgOvubUFwvveeIg+PZxhAu6s=",
        "owner": "nix-community",
        "repo": "fenix",
        "rev": "f44d7c3596ff028ad9f7fcc31d1941ed585f11b3",
        "type": "github"
      },
      "original": {
        "owner": "nix-community",
        "repo": "fenix",
        "type": "github"
      }
    },
    "flake-compat": {
      "flake": false,
      "locked": {
        "lastModified": 1696426674,
        "narHash": "sha256-kvjfFW7WAETZlt09AgDn1MrtKzP7t90Vf7vypd3OL1U=",
        "owner": "edolstra",
        "repo": "flake-compat",
        "rev": "0f9255e01c2351cc7d116c072cb317785dd33b33",
        "type": "github"
      },
      "original": {
        "owner": "edolstra",
        "repo": "flake-compat",
        "type": "github"
      }
    },
    "flake-utils": {
      "inputs": {
        "systems": "systems"
      },
      "locked": {
        "lastModified": 1731533236,
        "narHash": "sha256-l0KFg5HjrsfsO/JpG+r7fRrqm12kzFHyUHqHCVpMMbI=",
        "owner": "numtide",
        "repo": "flake-utils",
        "rev": "11707dc2f618dd54ca8739b309ec4fc024de578b",
        "type": "github"
      },
      "original": {
        "owner": "numtide",
        "repo": "flake-utils",
        "type": "github"
      }
    },
    "flake-utils_2": {
      "inputs": {
        "systems": "systems_2"
      },
      "locked": {
        "lastModified": 1726560853,
        "narHash": "sha256-X6rJYSESBVr3hBoH0WbKE5KvhPU5bloyZ2L4K60/fPQ=",
        "owner": "numtide",
        "repo": "flake-utils",
        "rev": "c1dfcf08411b08f6b8615f7d8971a2bfa81d5e8a",
        "type": "github"
      },
      "original": {
        "owner": "numtide",
        "repo": "flake-utils",
        "type": "github"
      }
    },
    "flakey-profile": {
      "locked": {
        "lastModified": 1712898590,
        "narHash": "sha256-FhGIEU93VHAChKEXx905TSiPZKga69bWl1VB37FK//I=",
        "owner": "lf-",
        "repo": "flakey-profile",
        "rev": "243c903fd8eadc0f63d205665a92d4df91d42d9d",
        "type": "github"
      },
      "original": {
        "owner": "lf-",
        "repo": "flakey-profile",
        "type": "github"
      }
    },
    "home-manager": {
      "inputs": {
        "nixpkgs": [
          "nixpkgs"
        ]
      },
      "locked": {
        "lastModified": 1739757849,
        "narHash": "sha256-Gs076ot1YuAAsYVcyidLKUMIc4ooOaRGO0PqTY7sBzA=",
        "owner": "nix-community",
        "repo": "home-manager",
        "rev": "9d3d080aec2a35e05a15cedd281c2384767c2cfe",
        "type": "github"
      },
      "original": {
        "owner": "nix-community",
        "ref": "release-24.11",
        "repo": "home-manager",
        "type": "github"
      }
    },
    "lix": {
      "flake": false,
      "locked": {
        "lastModified": 1729298361,
        "narHash": "sha256-hiGtfzxFkDc9TSYsb96Whg0vnqBVV7CUxyscZNhed0U=",
        "rev": "ad9d06f7838a25beec425ff406fe68721fef73be",
        "type": "tarball",
        "url": "https://git.lix.systems/api/v1/repos/lix-project/lix/archive/ad9d06f7838a25beec425ff406fe68721fef73be.tar.gz?rev=ad9d06f7838a25beec425ff406fe68721fef73be"
      },
      "original": {
        "type": "tarball",
        "url": "https://git.lix.systems/lix-project/lix/archive/2.91.1.tar.gz"
      }
    },
    "lix-module": {
      "inputs": {
        "flake-utils": "flake-utils_2",
        "flakey-profile": "flakey-profile",
        "lix": "lix",
        "nixpkgs": [
          "nixpkgs"
        ]
      },
      "locked": {
        "lastModified": 1732605668,
        "narHash": "sha256-DN5/166jhiiAW0Uw6nueXaGTueVxhfZISAkoxasmz/g=",
        "rev": "f19bd752910bbe3a861c9cad269bd078689d50fe",
        "type": "tarball",
        "url": "https://git.lix.systems/api/v1/repos/lix-project/nixos-module/archive/f19bd752910bbe3a861c9cad269bd078689d50fe.tar.gz"
      },
      "original": {
        "type": "tarball",
        "url": "https://git.lix.systems/lix-project/nixos-module/archive/2.91.1-2.tar.gz"
      }
    },
    "nixpkgs": {
      "locked": {
        "lastModified": 1740743217,
        "narHash": "sha256-brsCRzLqimpyhORma84c3W2xPbIidZlIc3JGIuQVSNI=",
        "owner": "nixos",
        "repo": "nixpkgs",
        "rev": "b27ba4eb322d9d2bf2dc9ada9fd59442f50c8d7c",
        "type": "github"
      },
      "original": {
        "owner": "nixos",
        "ref": "nixos-24.11",
        "repo": "nixpkgs",
        "type": "github"
      }
    },
    "pipewire-screenaudio": {
      "inputs": {
        "nixpkgs": [
          "nixpkgs"
        ]
      },
      "locked": {
        "lastModified": 1720719825,
        "narHash": "sha256-+StN4RWwuVHmGFHeDr815t8lTWmRNC16uGTx8jEffPw=",
        "owner": "IceDBorn",
        "repo": "pipewire-screenaudio",
        "rev": "bd404d0ee4b32fb797f2dcdeee3b6e773c06455c",
        "type": "github"
      },
      "original": {
        "owner": "IceDBorn",
        "repo": "pipewire-screenaudio",
        "type": "github"
      }
    },
    "root": {
      "inputs": {
        "aagl": "aagl",
        "fenix": "fenix",
        "flake-utils": "flake-utils",
        "home-manager": "home-manager",
        "lix-module": "lix-module",
        "nixpkgs": "nixpkgs",
        "pipewire-screenaudio": "pipewire-screenaudio"
      }
    },
    "rust-analyzer-src": {
      "flake": false,
      "locked": {
        "lastModified": 1740737930,
        "narHash": "sha256-2AW/FJQI/i6bbRB/8HR9l9SjxjuiukJpHdMPgwApPKA=",
        "owner": "rust-lang",
        "repo": "rust-analyzer",
        "rev": "fe8444616679f8e50ff9696f4750df1f10e7433d",
        "type": "github"
      },
      "original": {
        "owner": "rust-lang",
        "ref": "nightly",
        "repo": "rust-analyzer",
        "type": "github"
      }
    },
    "systems": {
      "locked": {
        "lastModified": 1681028828,
        "narHash": "sha256-Vy1rq5AaRuLzOxct8nz4T6wlgyUR7zLU309k9mBC768=",
        "owner": "nix-systems",
        "repo": "default",
        "rev": "da67096a3b9bf56a91d16901293e51ba5b49a27e",
        "type": "github"
      },
      "original": {
        "owner": "nix-systems",
        "repo": "default",
        "type": "github"
      }
    },
    "systems_2": {
      "locked": {
        "lastModified": 1681028828,
        "narHash": "sha256-Vy1rq5AaRuLzOxct8nz4T6wlgyUR7zLU309k9mBC768=",
        "owner": "nix-systems",
        "repo": "default",
        "rev": "da67096a3b9bf56a91d16901293e51ba5b49a27e",
        "type": "github"
      },
      "original": {
        "owner": "nix-systems",
        "repo": "default",
        "type": "github"
      }
    }
  },
  "root": "root",
  "version": 7
}
